
Microsoft Visual Studio Solution File, Format Version 12.00
# Visual Studio Version 17
VisualStudioVersion = 17.6.33513.286
MinimumVisualStudioVersion = 10.0.40219.1
Project("{9A19103F-16F7-4668-BE54-9A1E7A4F7556}") = "WinFormsApp", "WinFormsApp.csproj", "{51AFE106-6967-41AA-9353-E69193908BD5}"
EndProject
Global
	GlobalSection(SolutionConfigurationPlatforms) = preSolution
		Debug|Any CPU = Debug|Any CPU
		Release|Any CPU = Release|Any CPU
	EndGlobalSection
	GlobalSection(ProjectConfigurationPlatforms) = postSolution
		{51AFE106-6967-41AA-9353-E69193908BD5}.Debug|Any CPU.ActiveCfg = Debug|Any CPU
		{51AFE106-6967-41AA-9353-E69193908BD5}.Debug|Any CPU.Build.0 = Debug|Any CPU
		{51AFE106-6967-41AA-9353-E69193908BD5}.Release|Any CPU.ActiveCfg = Release|Any CPU
		{51AFE106-6967-41AA-9353-E69193908BD5}.Release|Any CPU.Build.0 = Release|Any CPU
	EndGlobalSection
	GlobalSection(SolutionProperties) = preSolution
		HideSolutionNode = FALSE
	EndGlobalSection
	GlobalSection(ExtensibilityGlobals) = postSolution
		SolutionGuid = {10505BC3-8A4E-419B-8ECE-C52E428E3D36}
	EndGlobalSection
EndGlobal
